
Microsoft Visual Studio Solution File, Format Version 12.00
# Visual Studio Version 16
VisualStudioVersion = 16.0.30330.147
MinimumVisualStudioVersion = 10.0.40219.1
Project("{FAE04EC0-301F-11D3-BF4B-00C04F79EFBC}") = "spotify.playlist.merger", "spotify.playlist.merger\spotify.playlist.merger.csproj", "{EB4E52A3-5F4E-4927-8BF5-FF41C66DADB3}"
EndProject
Project("{2150E333-8FDC-42A3-9474-1A3956D46DE8}") = "Solution Items", "Solution Items", "{8D4FB8E7-9317-4D58-9999-4461FBC3F809}"
	ProjectSection(SolutionItems) = preProject
		.editorconfig = .editorconfig
	EndProjectSection
EndProject
Global
	GlobalSection(SolutionConfigurationPlatforms) = preSolution
		Debug|ARM = Debug|ARM
		Debug|ARM64 = Debug|ARM64
		Debug|x64 = Debug|x64
		Debug|x86 = Debug|x86
		Release|ARM = Release|ARM
		Release|ARM64 = Release|ARM64
		Release|x64 = Release|x64
		Release|x86 = Release|x86
	EndGlobalSection
	GlobalSection(ProjectConfigurationPlatforms) = postSolution
		{EB4E52A3-5F4E-4927-8BF5-FF41C66DADB3}.Debug|ARM.ActiveCfg = Debug|ARM
		{EB4E52A3-5F4E-4927-8BF5-FF41C66DADB3}.Debug|ARM.Build.0 = Debug|ARM
		{EB4E52A3-5F4E-4927-8BF5-FF41C66DADB3}.Debug|ARM.Deploy.0 = Debug|ARM
		{EB4E52A3-5F4E-4927-8BF5-FF41C66DADB3}.Debug|ARM64.ActiveCfg = Debug|ARM64
		{EB4E52A3-5F4E-4927-8BF5-FF41C66DADB3}.Debug|ARM64.Build.0 = Debug|ARM64
		{EB4E52A3-5F4E-4927-8BF5-FF41C66DADB3}.Debug|ARM64.Deploy.0 = Debug|ARM64
		{EB4E52A3-5F4E-4927-8BF5-FF41C66DADB3}.Debug|x64.ActiveCfg = Debug|x64
		{EB4E52A3-5F4E-4927-8BF5-FF41C66DADB3}.Debug|x64.Build.0 = Debug|x64
		{EB4E52A3-5F4E-4927-8BF5-FF41C66DADB3}.Debug|x64.Deploy.0 = Debug|x64
		{EB4E52A3-5F4E-4927-8BF5-FF41C66DADB3}.Debug|x86.ActiveCfg = Debug|x86
		{EB4E52A3-5F4E-4927-8BF5-FF41C66DADB3}.Debug|x86.Build.0 = Debug|x86
		{EB4E52A3-5F4E-4927-8BF5-FF41C66DADB3}.Debug|x86.Deploy.0 = Debug|x86
		{EB4E52A3-5F4E-4927-8BF5-FF41C66DADB3}.Release|ARM.ActiveCfg = Release|ARM
		{EB4E52A3-5F4E-4927-8BF5-FF41C66DADB3}.Release|ARM.Build.0 = Release|ARM
		{EB4E52A3-5F4E-4927-8BF5-FF41C66DADB3}.Release|ARM.Deploy.0 = Release|ARM
		{EB4E52A3-5F4E-4927-8BF5-FF41C66DADB3}.Release|ARM64.ActiveCfg = Release|ARM64
		{EB4E52A3-5F4E-4927-8BF5-FF41C66DADB3}.Release|ARM64.Build.0 = Release|ARM64
		{EB4E52A3-5F4E-4927-8BF5-FF41C66DADB3}.Release|ARM64.Deploy.0 = Release|ARM64
		{EB4E52A3-5F4E-4927-8BF5-FF41C66DADB3}.Release|x64.ActiveCfg = Release|x64
		{EB4E52A3-5F4E-4927-8BF5-FF41C66DADB3}.Release|x64.Build.0 = Release|x64
		{EB4E52A3-5F4E-4927-8BF5-FF41C66DADB3}.Release|x64.Deploy.0 = Release|x64
		{EB4E52A3-5F4E-4927-8BF5-FF41C66DADB3}.Release|x86.ActiveCfg = Release|x86
		{EB4E52A3-5F4E-4927-8BF5-FF41C66DADB3}.Release|x86.Build.0 = Release|x86
		{EB4E52A3-5F4E-4927-8BF5-FF41C66DADB3}.Release|x86.Deploy.0 = Release|x86
	EndGlobalSection
	GlobalSection(SolutionProperties) = preSolution
		HideSolutionNode = FALSE
	EndGlobalSection
	GlobalSection(ExtensibilityGlobals) = postSolution
		SolutionGuid = {7DB9507A-7369-4325-A6EB-A2C541A56715}
	EndGlobalSection
EndGlobal
